
Microsoft Visual Studio Solution File, Format Version 12.00
# Visual Studio Version 17
VisualStudioVersion = 17.3.32611.2
MinimumVisualStudioVersion = 10.0.40219.1
Project("{FAE04EC0-301F-11D3-BF4B-00C04F79EFBC}") = "BlazorAppJenkins", "BlazorAppJenkins\BlazorAppJenkins.csproj", "{AD3F1476-4411-4F2C-8BDB-BB839F7CECBC}"
EndProject
Global
	GlobalSection(SolutionConfigurationPlatforms) = preSolution
		Debug|Any CPU = Debug|Any CPU
		Release|Any CPU = Release|Any CPU
	EndGlobalSection
	GlobalSection(ProjectConfigurationPlatforms) = postSolution
		{AD3F1476-4411-4F2C-8BDB-BB839F7CECBC}.Debug|Any CPU.ActiveCfg = Debug|Any CPU
		{AD3F1476-4411-4F2C-8BDB-BB839F7CECBC}.Debug|Any CPU.Build.0 = Debug|Any CPU
		{AD3F1476-4411-4F2C-8BDB-BB839F7CECBC}.Release|Any CPU.ActiveCfg = Release|Any CPU
		{AD3F1476-4411-4F2C-8BDB-BB839F7CECBC}.Release|Any CPU.Build.0 = Release|Any CPU
	EndGlobalSection
	GlobalSection(SolutionProperties) = preSolution
		HideSolutionNode = FALSE
	EndGlobalSection
	GlobalSection(ExtensibilityGlobals) = postSolution
		SolutionGuid = {3805B36F-21BD-4349-B8ED-B95868D253C1}
	EndGlobalSection
EndGlobal
